
Microsoft Visual Studio Solution File, Format Version 12.00
# Visual Studio Version 16
VisualStudioVersion = 16.0.30907.101
MinimumVisualStudioVersion = 10.0.40219.1
Project("{FAE04EC0-301F-11D3-BF4B-00C04F79EFBC}") = "MoreMethods", "MoreMethods.csproj", "{69606FC1-FAF1-47D7-80C8-0353BFDBAD3A}"
EndProject
Global
	GlobalSection(SolutionConfigurationPlatforms) = preSolution
		Debug|Any CPU = Debug|Any CPU
		Release|Any CPU = Release|Any CPU
	EndGlobalSection
	GlobalSection(ProjectConfigurationPlatforms) = postSolution
		{69606FC1-FAF1-47D7-80C8-0353BFDBAD3A}.Debug|Any CPU.ActiveCfg = Debug|Any CPU
		{69606FC1-FAF1-47D7-80C8-0353BFDBAD3A}.Debug|Any CPU.Build.0 = Debug|Any CPU
		{69606FC1-FAF1-47D7-80C8-0353BFDBAD3A}.Release|Any CPU.ActiveCfg = Release|Any CPU
		{69606FC1-FAF1-47D7-80C8-0353BFDBAD3A}.Release|Any CPU.Build.0 = Release|Any CPU
	EndGlobalSection
	GlobalSection(SolutionProperties) = preSolution
		HideSolutionNode = FALSE
	EndGlobalSection
	GlobalSection(ExtensibilityGlobals) = postSolution
		SolutionGuid = {248CFCB9-72DF-4F1E-8915-3F3C5F651FCD}
	EndGlobalSection
EndGlobal
