
Microsoft Visual Studio Solution File, Format Version 12.00
# Visual Studio Version 16
VisualStudioVersion = 16.0.30804.86
MinimumVisualStudioVersion = 10.0.40219.1
Project("{FAE04EC0-301F-11D3-BF4B-00C04F79EFBC}") = "playwithsomelogic", "playwithsomelogic.csproj", "{07D1F967-C944-4F47-9395-DBF3E9A9D4CF}"
EndProject
Global
	GlobalSection(SolutionConfigurationPlatforms) = preSolution
		Debug|Any CPU = Debug|Any CPU
		Release|Any CPU = Release|Any CPU
	EndGlobalSection
	GlobalSection(ProjectConfigurationPlatforms) = postSolution
		{07D1F967-C944-4F47-9395-DBF3E9A9D4CF}.Debug|Any CPU.ActiveCfg = Debug|Any CPU
		{07D1F967-C944-4F47-9395-DBF3E9A9D4CF}.Debug|Any CPU.Build.0 = Debug|Any CPU
		{07D1F967-C944-4F47-9395-DBF3E9A9D4CF}.Release|Any CPU.ActiveCfg = Release|Any CPU
		{07D1F967-C944-4F47-9395-DBF3E9A9D4CF}.Release|Any CPU.Build.0 = Release|Any CPU
	EndGlobalSection
	GlobalSection(SolutionProperties) = preSolution
		HideSolutionNode = FALSE
	EndGlobalSection
	GlobalSection(ExtensibilityGlobals) = postSolution
		SolutionGuid = {6DB13E63-CBFF-4908-996B-4E25998E96AD}
	EndGlobalSection
EndGlobal
