
Microsoft Visual Studio Solution File, Format Version 12.00
# Visual Studio Version 16
VisualStudioVersion = 16.0.31205.134
MinimumVisualStudioVersion = 10.0.40219.1
Project("{FAE04EC0-301F-11D3-BF4B-00C04F79EFBC}") = "strHelpMethodsAgain", "strHelpMethodsAgain.csproj", "{EE6A4450-E69F-4B11-90D6-8431587DA29C}"
EndProject
Global
	GlobalSection(SolutionConfigurationPlatforms) = preSolution
		Debug|Any CPU = Debug|Any CPU
		Release|Any CPU = Release|Any CPU
	EndGlobalSection
	GlobalSection(ProjectConfigurationPlatforms) = postSolution
		{EE6A4450-E69F-4B11-90D6-8431587DA29C}.Debug|Any CPU.ActiveCfg = Debug|Any CPU
		{EE6A4450-E69F-4B11-90D6-8431587DA29C}.Debug|Any CPU.Build.0 = Debug|Any CPU
		{EE6A4450-E69F-4B11-90D6-8431587DA29C}.Release|Any CPU.ActiveCfg = Release|Any CPU
		{EE6A4450-E69F-4B11-90D6-8431587DA29C}.Release|Any CPU.Build.0 = Release|Any CPU
	EndGlobalSection
	GlobalSection(SolutionProperties) = preSolution
		HideSolutionNode = FALSE
	EndGlobalSection
	GlobalSection(ExtensibilityGlobals) = postSolution
		SolutionGuid = {24423D5D-8757-4669-9BA0-E1B601B9FC25}
	EndGlobalSection
EndGlobal
