
Microsoft Visual Studio Solution File, Format Version 12.00
# Visual Studio Version 16
VisualStudioVersion = 16.0.30804.86
MinimumVisualStudioVersion = 10.0.40219.1
Project("{FAE04EC0-301F-11D3-BF4B-00C04F79EFBC}") = "CastingDataTypes", "CastingDataTypes.csproj", "{FA836097-CC41-4D06-B3D3-64E834E7D0EA}"
EndProject
Global
	GlobalSection(SolutionConfigurationPlatforms) = preSolution
		Debug|Any CPU = Debug|Any CPU
		Release|Any CPU = Release|Any CPU
	EndGlobalSection
	GlobalSection(ProjectConfigurationPlatforms) = postSolution
		{FA836097-CC41-4D06-B3D3-64E834E7D0EA}.Debug|Any CPU.ActiveCfg = Debug|Any CPU
		{FA836097-CC41-4D06-B3D3-64E834E7D0EA}.Debug|Any CPU.Build.0 = Debug|Any CPU
		{FA836097-CC41-4D06-B3D3-64E834E7D0EA}.Release|Any CPU.ActiveCfg = Release|Any CPU
		{FA836097-CC41-4D06-B3D3-64E834E7D0EA}.Release|Any CPU.Build.0 = Release|Any CPU
	EndGlobalSection
	GlobalSection(SolutionProperties) = preSolution
		HideSolutionNode = FALSE
	EndGlobalSection
	GlobalSection(ExtensibilityGlobals) = postSolution
		SolutionGuid = {6BC73ACA-A9EE-42E8-8594-B06D529D12CF}
	EndGlobalSection
EndGlobal
