
Microsoft Visual Studio Solution File, Format Version 12.00
# Visual Studio Version 16
VisualStudioVersion = 16.0.31129.286
MinimumVisualStudioVersion = 10.0.40219.1
Project("{FAE04EC0-301F-11D3-BF4B-00C04F79EFBC}") = "fixCodeAssignment", "fixCodeAssignment.csproj", "{AA73B89E-2514-4449-B385-A922E35D5FE8}"
EndProject
Global
	GlobalSection(SolutionConfigurationPlatforms) = preSolution
		Debug|Any CPU = Debug|Any CPU
		Release|Any CPU = Release|Any CPU
	EndGlobalSection
	GlobalSection(ProjectConfigurationPlatforms) = postSolution
		{AA73B89E-2514-4449-B385-A922E35D5FE8}.Debug|Any CPU.ActiveCfg = Debug|Any CPU
		{AA73B89E-2514-4449-B385-A922E35D5FE8}.Debug|Any CPU.Build.0 = Debug|Any CPU
		{AA73B89E-2514-4449-B385-A922E35D5FE8}.Release|Any CPU.ActiveCfg = Release|Any CPU
		{AA73B89E-2514-4449-B385-A922E35D5FE8}.Release|Any CPU.Build.0 = Release|Any CPU
	EndGlobalSection
	GlobalSection(SolutionProperties) = preSolution
		HideSolutionNode = FALSE
	EndGlobalSection
	GlobalSection(ExtensibilityGlobals) = postSolution
		SolutionGuid = {1D557185-056B-45EF-9BE0-CFF3511D9B55}
	EndGlobalSection
EndGlobal
