
Microsoft Visual Studio Solution File, Format Version 12.00
# Visual Studio Version 16
VisualStudioVersion = 16.0.31321.278
MinimumVisualStudioVersion = 10.0.40219.1
Project("{FAE04EC0-301F-11D3-BF4B-00C04F79EFBC}") = "UserDefArray", "UserDefArray.csproj", "{75B31CC9-5DDE-44F3-A696-17B2132E73F0}"
EndProject
Global
	GlobalSection(SolutionConfigurationPlatforms) = preSolution
		Debug|Any CPU = Debug|Any CPU
		Release|Any CPU = Release|Any CPU
	EndGlobalSection
	GlobalSection(ProjectConfigurationPlatforms) = postSolution
		{75B31CC9-5DDE-44F3-A696-17B2132E73F0}.Debug|Any CPU.ActiveCfg = Debug|Any CPU
		{75B31CC9-5DDE-44F3-A696-17B2132E73F0}.Debug|Any CPU.Build.0 = Debug|Any CPU
		{75B31CC9-5DDE-44F3-A696-17B2132E73F0}.Release|Any CPU.ActiveCfg = Release|Any CPU
		{75B31CC9-5DDE-44F3-A696-17B2132E73F0}.Release|Any CPU.Build.0 = Release|Any CPU
	EndGlobalSection
	GlobalSection(SolutionProperties) = preSolution
		HideSolutionNode = FALSE
	EndGlobalSection
	GlobalSection(ExtensibilityGlobals) = postSolution
		SolutionGuid = {79D9D187-74E2-4753-930F-F4F205A0CE6A}
	EndGlobalSection
EndGlobal
