
Microsoft Visual Studio Solution File, Format Version 12.00
# Visual Studio Version 16
VisualStudioVersion = 16.0.31005.135
MinimumVisualStudioVersion = 10.0.40219.1
Project("{FAE04EC0-301F-11D3-BF4B-00C04F79EFBC}") = "stringCopySwap", "stringCopySwap.csproj", "{EF070862-EEFE-4425-AB7E-10804C101737}"
EndProject
Global
	GlobalSection(SolutionConfigurationPlatforms) = preSolution
		Debug|Any CPU = Debug|Any CPU
		Release|Any CPU = Release|Any CPU
	EndGlobalSection
	GlobalSection(ProjectConfigurationPlatforms) = postSolution
		{EF070862-EEFE-4425-AB7E-10804C101737}.Debug|Any CPU.ActiveCfg = Debug|Any CPU
		{EF070862-EEFE-4425-AB7E-10804C101737}.Debug|Any CPU.Build.0 = Debug|Any CPU
		{EF070862-EEFE-4425-AB7E-10804C101737}.Release|Any CPU.ActiveCfg = Release|Any CPU
		{EF070862-EEFE-4425-AB7E-10804C101737}.Release|Any CPU.Build.0 = Release|Any CPU
	EndGlobalSection
	GlobalSection(SolutionProperties) = preSolution
		HideSolutionNode = FALSE
	EndGlobalSection
	GlobalSection(ExtensibilityGlobals) = postSolution
		SolutionGuid = {527180EF-BD4D-4C41-810E-38BB40C3BEA3}
	EndGlobalSection
EndGlobal
