
Microsoft Visual Studio Solution File, Format Version 12.00
# Visual Studio Version 16
VisualStudioVersion = 16.0.31205.134
MinimumVisualStudioVersion = 10.0.40219.1
Project("{FAE04EC0-301F-11D3-BF4B-00C04F79EFBC}") = "TodoAPI", "TodoAPI.csproj", "{C21451CB-FC61-44FE-A035-6E07221FD4EE}"
EndProject
Global
	GlobalSection(SolutionConfigurationPlatforms) = preSolution
		Debug|Any CPU = Debug|Any CPU
		Release|Any CPU = Release|Any CPU
	EndGlobalSection
	GlobalSection(ProjectConfigurationPlatforms) = postSolution
		{C21451CB-FC61-44FE-A035-6E07221FD4EE}.Debug|Any CPU.ActiveCfg = Debug|Any CPU
		{C21451CB-FC61-44FE-A035-6E07221FD4EE}.Debug|Any CPU.Build.0 = Debug|Any CPU
		{C21451CB-FC61-44FE-A035-6E07221FD4EE}.Release|Any CPU.ActiveCfg = Release|Any CPU
		{C21451CB-FC61-44FE-A035-6E07221FD4EE}.Release|Any CPU.Build.0 = Release|Any CPU
	EndGlobalSection
	GlobalSection(SolutionProperties) = preSolution
		HideSolutionNode = FALSE
	EndGlobalSection
	GlobalSection(ExtensibilityGlobals) = postSolution
		SolutionGuid = {5AD63156-7E9B-438A-A47E-0D1AB83654C1}
	EndGlobalSection
EndGlobal
