
Microsoft Visual Studio Solution File, Format Version 12.00
# Visual Studio Version 16
VisualStudioVersion = 16.0.31205.134
MinimumVisualStudioVersion = 10.0.40219.1
Project("{9A19103F-16F7-4668-BE54-9A1E7A4F7556}") = "futureValueApp", "futureValueApp.csproj", "{6DBBA198-F867-4CDA-9CAE-59E1464A2451}"
EndProject
Global
	GlobalSection(SolutionConfigurationPlatforms) = preSolution
		Debug|Any CPU = Debug|Any CPU
		Release|Any CPU = Release|Any CPU
	EndGlobalSection
	GlobalSection(ProjectConfigurationPlatforms) = postSolution
		{6DBBA198-F867-4CDA-9CAE-59E1464A2451}.Debug|Any CPU.ActiveCfg = Debug|Any CPU
		{6DBBA198-F867-4CDA-9CAE-59E1464A2451}.Debug|Any CPU.Build.0 = Debug|Any CPU
		{6DBBA198-F867-4CDA-9CAE-59E1464A2451}.Release|Any CPU.ActiveCfg = Release|Any CPU
		{6DBBA198-F867-4CDA-9CAE-59E1464A2451}.Release|Any CPU.Build.0 = Release|Any CPU
	EndGlobalSection
	GlobalSection(SolutionProperties) = preSolution
		HideSolutionNode = FALSE
	EndGlobalSection
	GlobalSection(ExtensibilityGlobals) = postSolution
		SolutionGuid = {1C6470FD-81DB-43EB-8C5D-A92F87004473}
	EndGlobalSection
EndGlobal
