
Microsoft Visual Studio Solution File, Format Version 12.00
# Visual Studio Version 16
VisualStudioVersion = 16.0.30907.101
MinimumVisualStudioVersion = 10.0.40219.1
Project("{9A19103F-16F7-4668-BE54-9A1E7A4F7556}") = "Banking", "Banking.csproj", "{EBE0469A-465B-4D40-BE18-14675117D2C7}"
EndProject
Project("{FAE04EC0-301F-11D3-BF4B-00C04F79EFBC}") = "BankLibrary", "..\BankLibrary\BankLibrary.csproj", "{3CA59EE2-5850-47D3-ACCC-B1CA61C056F7}"
EndProject
Global
	GlobalSection(SolutionConfigurationPlatforms) = preSolution
		Debug|Any CPU = Debug|Any CPU
		Release|Any CPU = Release|Any CPU
	EndGlobalSection
	GlobalSection(ProjectConfigurationPlatforms) = postSolution
		{EBE0469A-465B-4D40-BE18-14675117D2C7}.Debug|Any CPU.ActiveCfg = Debug|Any CPU
		{EBE0469A-465B-4D40-BE18-14675117D2C7}.Debug|Any CPU.Build.0 = Debug|Any CPU
		{EBE0469A-465B-4D40-BE18-14675117D2C7}.Release|Any CPU.ActiveCfg = Release|Any CPU
		{EBE0469A-465B-4D40-BE18-14675117D2C7}.Release|Any CPU.Build.0 = Release|Any CPU
		{3CA59EE2-5850-47D3-ACCC-B1CA61C056F7}.Debug|Any CPU.ActiveCfg = Debug|Any CPU
		{3CA59EE2-5850-47D3-ACCC-B1CA61C056F7}.Debug|Any CPU.Build.0 = Debug|Any CPU
		{3CA59EE2-5850-47D3-ACCC-B1CA61C056F7}.Release|Any CPU.ActiveCfg = Release|Any CPU
		{3CA59EE2-5850-47D3-ACCC-B1CA61C056F7}.Release|Any CPU.Build.0 = Release|Any CPU
	EndGlobalSection
	GlobalSection(SolutionProperties) = preSolution
		HideSolutionNode = FALSE
	EndGlobalSection
	GlobalSection(ExtensibilityGlobals) = postSolution
		SolutionGuid = {196970DA-3057-4721-80A1-F8BD30D9E38A}
	EndGlobalSection
EndGlobal
