
Microsoft Visual Studio Solution File, Format Version 12.00
# Visual Studio Version 16
VisualStudioVersion = 16.0.31205.134
MinimumVisualStudioVersion = 10.0.40219.1
Project("{FAE04EC0-301F-11D3-BF4B-00C04F79EFBC}") = "dryWeightConversion", "dryWeightConversion.csproj", "{732D4B71-55D0-47CA-A87F-20124ED6042B}"
EndProject
Global
	GlobalSection(SolutionConfigurationPlatforms) = preSolution
		Debug|Any CPU = Debug|Any CPU
		Release|Any CPU = Release|Any CPU
	EndGlobalSection
	GlobalSection(ProjectConfigurationPlatforms) = postSolution
		{732D4B71-55D0-47CA-A87F-20124ED6042B}.Debug|Any CPU.ActiveCfg = Debug|Any CPU
		{732D4B71-55D0-47CA-A87F-20124ED6042B}.Debug|Any CPU.Build.0 = Debug|Any CPU
		{732D4B71-55D0-47CA-A87F-20124ED6042B}.Release|Any CPU.ActiveCfg = Release|Any CPU
		{732D4B71-55D0-47CA-A87F-20124ED6042B}.Release|Any CPU.Build.0 = Release|Any CPU
	EndGlobalSection
	GlobalSection(SolutionProperties) = preSolution
		HideSolutionNode = FALSE
	EndGlobalSection
	GlobalSection(ExtensibilityGlobals) = postSolution
		SolutionGuid = {946A7E79-8A48-4D9A-BF38-9216E50F5B40}
	EndGlobalSection
EndGlobal
