
Microsoft Visual Studio Solution File, Format Version 12.00
# Visual Studio Version 16
VisualStudioVersion = 16.0.31112.23
MinimumVisualStudioVersion = 10.0.40219.1
Project("{FAE04EC0-301F-11D3-BF4B-00C04F79EFBC}") = "messageBoxes", "messageBoxes.csproj", "{6BD4B47F-C032-42EB-9B72-0DE3FBCE6693}"
EndProject
Global
	GlobalSection(SolutionConfigurationPlatforms) = preSolution
		Debug|Any CPU = Debug|Any CPU
		Release|Any CPU = Release|Any CPU
	EndGlobalSection
	GlobalSection(ProjectConfigurationPlatforms) = postSolution
		{6BD4B47F-C032-42EB-9B72-0DE3FBCE6693}.Debug|Any CPU.ActiveCfg = Debug|Any CPU
		{6BD4B47F-C032-42EB-9B72-0DE3FBCE6693}.Debug|Any CPU.Build.0 = Debug|Any CPU
		{6BD4B47F-C032-42EB-9B72-0DE3FBCE6693}.Release|Any CPU.ActiveCfg = Release|Any CPU
		{6BD4B47F-C032-42EB-9B72-0DE3FBCE6693}.Release|Any CPU.Build.0 = Release|Any CPU
	EndGlobalSection
	GlobalSection(SolutionProperties) = preSolution
		HideSolutionNode = FALSE
	EndGlobalSection
	GlobalSection(ExtensibilityGlobals) = postSolution
		SolutionGuid = {03D12746-F06C-4079-ACB1-742BC84500FA}
	EndGlobalSection
EndGlobal
