
Microsoft Visual Studio Solution File, Format Version 12.00
# Visual Studio Version 16
VisualStudioVersion = 16.0.31205.134
MinimumVisualStudioVersion = 10.0.40219.1
Project("{FAE04EC0-301F-11D3-BF4B-00C04F79EFBC}") = "tuplesAgainAgain", "tuplesAgainAgain.csproj", "{9728D5E8-DD59-41AD-A52B-C04F7F6ED463}"
EndProject
Global
	GlobalSection(SolutionConfigurationPlatforms) = preSolution
		Debug|Any CPU = Debug|Any CPU
		Release|Any CPU = Release|Any CPU
	EndGlobalSection
	GlobalSection(ProjectConfigurationPlatforms) = postSolution
		{9728D5E8-DD59-41AD-A52B-C04F7F6ED463}.Debug|Any CPU.ActiveCfg = Debug|Any CPU
		{9728D5E8-DD59-41AD-A52B-C04F7F6ED463}.Debug|Any CPU.Build.0 = Debug|Any CPU
		{9728D5E8-DD59-41AD-A52B-C04F7F6ED463}.Release|Any CPU.ActiveCfg = Release|Any CPU
		{9728D5E8-DD59-41AD-A52B-C04F7F6ED463}.Release|Any CPU.Build.0 = Release|Any CPU
	EndGlobalSection
	GlobalSection(SolutionProperties) = preSolution
		HideSolutionNode = FALSE
	EndGlobalSection
	GlobalSection(ExtensibilityGlobals) = postSolution
		SolutionGuid = {CEA55EAF-FF01-430D-AB6C-DAE626490484}
	EndGlobalSection
EndGlobal
