
Microsoft Visual Studio Solution File, Format Version 12.00
# Visual Studio Version 16
VisualStudioVersion = 16.0.31005.135
MinimumVisualStudioVersion = 10.0.40219.1
Project("{FAE04EC0-301F-11D3-BF4B-00C04F79EFBC}") = "stringJoinComparing", "stringJoinComparing.csproj", "{F02EDF94-235B-4CBF-8261-53C8CE38725F}"
EndProject
Global
	GlobalSection(SolutionConfigurationPlatforms) = preSolution
		Debug|Any CPU = Debug|Any CPU
		Release|Any CPU = Release|Any CPU
	EndGlobalSection
	GlobalSection(ProjectConfigurationPlatforms) = postSolution
		{F02EDF94-235B-4CBF-8261-53C8CE38725F}.Debug|Any CPU.ActiveCfg = Debug|Any CPU
		{F02EDF94-235B-4CBF-8261-53C8CE38725F}.Debug|Any CPU.Build.0 = Debug|Any CPU
		{F02EDF94-235B-4CBF-8261-53C8CE38725F}.Release|Any CPU.ActiveCfg = Release|Any CPU
		{F02EDF94-235B-4CBF-8261-53C8CE38725F}.Release|Any CPU.Build.0 = Release|Any CPU
	EndGlobalSection
	GlobalSection(SolutionProperties) = preSolution
		HideSolutionNode = FALSE
	EndGlobalSection
	GlobalSection(ExtensibilityGlobals) = postSolution
		SolutionGuid = {241AE871-4B53-4268-90FC-048D50EF0E3A}
	EndGlobalSection
EndGlobal
