
Microsoft Visual Studio Solution File, Format Version 12.00
# Visual Studio Version 16
VisualStudioVersion = 16.0.31105.61
MinimumVisualStudioVersion = 10.0.40219.1
Project("{FAE04EC0-301F-11D3-BF4B-00C04F79EFBC}") = "InvoiceTotal", "InvoiceTotal.csproj", "{6F6DC0BB-608C-47A0-9255-00D7687312E8}"
EndProject
Global
	GlobalSection(SolutionConfigurationPlatforms) = preSolution
		Debug|Any CPU = Debug|Any CPU
		Release|Any CPU = Release|Any CPU
	EndGlobalSection
	GlobalSection(ProjectConfigurationPlatforms) = postSolution
		{6F6DC0BB-608C-47A0-9255-00D7687312E8}.Debug|Any CPU.ActiveCfg = Debug|Any CPU
		{6F6DC0BB-608C-47A0-9255-00D7687312E8}.Debug|Any CPU.Build.0 = Debug|Any CPU
		{6F6DC0BB-608C-47A0-9255-00D7687312E8}.Release|Any CPU.ActiveCfg = Release|Any CPU
		{6F6DC0BB-608C-47A0-9255-00D7687312E8}.Release|Any CPU.Build.0 = Release|Any CPU
	EndGlobalSection
	GlobalSection(SolutionProperties) = preSolution
		HideSolutionNode = FALSE
	EndGlobalSection
	GlobalSection(ExtensibilityGlobals) = postSolution
		SolutionGuid = {6B81A979-A776-4993-B41E-0B1AD8F6F903}
	EndGlobalSection
EndGlobal
