
Microsoft Visual Studio Solution File, Format Version 12.00
# Visual Studio Version 16
VisualStudioVersion = 16.0.31112.23
MinimumVisualStudioVersion = 10.0.40219.1
Project("{FAE04EC0-301F-11D3-BF4B-00C04F79EFBC}") = "appMenusCreation", "appMenusCreation.csproj", "{AAE09519-8A37-4E57-9728-C13183A11128}"
EndProject
Global
	GlobalSection(SolutionConfigurationPlatforms) = preSolution
		Debug|Any CPU = Debug|Any CPU
		Release|Any CPU = Release|Any CPU
	EndGlobalSection
	GlobalSection(ProjectConfigurationPlatforms) = postSolution
		{AAE09519-8A37-4E57-9728-C13183A11128}.Debug|Any CPU.ActiveCfg = Debug|Any CPU
		{AAE09519-8A37-4E57-9728-C13183A11128}.Debug|Any CPU.Build.0 = Debug|Any CPU
		{AAE09519-8A37-4E57-9728-C13183A11128}.Release|Any CPU.ActiveCfg = Release|Any CPU
		{AAE09519-8A37-4E57-9728-C13183A11128}.Release|Any CPU.Build.0 = Release|Any CPU
	EndGlobalSection
	GlobalSection(SolutionProperties) = preSolution
		HideSolutionNode = FALSE
	EndGlobalSection
	GlobalSection(ExtensibilityGlobals) = postSolution
		SolutionGuid = {46E31327-706E-4CAE-82EB-8A0A821AEA8E}
	EndGlobalSection
EndGlobal
